
Microsoft Visual Studio Solution File, Format Version 11.00
# Visual Studio 2010
Project("{FAE04EC0-301F-11D3-BF4B-00C04F79EFBC}") = "EthanWalker", "Assembly-CSharp-firstpass.csproj", "{3A7A6F71-FE14-BB3A-33F3-EBCF5518DFF8}"
EndProject
Project("{FAE04EC0-301F-11D3-BF4B-00C04F79EFBC}") = "EthanWalker", "Assembly-CSharp-Editor-firstpass.csproj", "{098BE891-B84C-BCEC-8BAE-AF0565603693}"
EndProject
Global
	GlobalSection(SolutionConfigurationPlatforms) = preSolution
		Debug|Any CPU = Debug|Any CPU
		Release|Any CPU = Release|Any CPU
	EndGlobalSection
	GlobalSection(ProjectConfigurationPlatforms) = postSolution
		{3A7A6F71-FE14-BB3A-33F3-EBCF5518DFF8}.Debug|Any CPU.ActiveCfg = Debug|Any CPU
		{3A7A6F71-FE14-BB3A-33F3-EBCF5518DFF8}.Debug|Any CPU.Build.0 = Debug|Any CPU
		{3A7A6F71-FE14-BB3A-33F3-EBCF5518DFF8}.Release|Any CPU.ActiveCfg = Release|Any CPU
		{3A7A6F71-FE14-BB3A-33F3-EBCF5518DFF8}.Release|Any CPU.Build.0 = Release|Any CPU
		{098BE891-B84C-BCEC-8BAE-AF0565603693}.Debug|Any CPU.ActiveCfg = Debug|Any CPU
		{098BE891-B84C-BCEC-8BAE-AF0565603693}.Debug|Any CPU.Build.0 = Debug|Any CPU
		{098BE891-B84C-BCEC-8BAE-AF0565603693}.Release|Any CPU.ActiveCfg = Release|Any CPU
		{098BE891-B84C-BCEC-8BAE-AF0565603693}.Release|Any CPU.Build.0 = Release|Any CPU
	EndGlobalSection
	GlobalSection(SolutionProperties) = preSolution
		HideSolutionNode = FALSE
	EndGlobalSection
	GlobalSection(MonoDevelopProperties) = preSolution
		StartupItem = Assembly-CSharp.csproj
	EndGlobalSection
EndGlobal
